
Microsoft Visual Studio Solution File, Format Version 12.00
# Visual Studio 15
Project("{FAE04EC0-301F-11D3-BF4B-00C04F79EFBC}") = "AplicacionPrueba.Android", "AplicacionPrueba.Android\AplicacionPrueba.Android.csproj", "{1CFF7A5E-72F5-4F4E-B3EE-4739A710E1B4}"
EndProject
Project("{FAE04EC0-301F-11D3-BF4B-00C04F79EFBC}") = "AplicacionPrueba.iOS", "AplicacionPrueba.iOS\AplicacionPrueba.iOS.csproj", "{DCC80787-5E6D-46EF-B93A-CE92CF3CA001}"
EndProject
Project("{FAE04EC0-301F-11D3-BF4B-00C04F79EFBC}") = "AplicacionPrueba", "AplicacionPrueba\AplicacionPrueba.csproj", "{595E29BC-46AF-402E-A90B-9F85CE20F2F4}"
EndProject
Global
	GlobalSection(SolutionConfigurationPlatforms) = preSolution
		Debug|Any CPU = Debug|Any CPU
		Release|Any CPU = Release|Any CPU
		Debug|iPhoneSimulator = Debug|iPhoneSimulator
		Release|iPhoneSimulator = Release|iPhoneSimulator
		Debug|iPhone = Debug|iPhone
		Release|iPhone = Release|iPhone
	EndGlobalSection
	GlobalSection(ProjectConfigurationPlatforms) = postSolution
		{1CFF7A5E-72F5-4F4E-B3EE-4739A710E1B4}.Debug|Any CPU.ActiveCfg = Debug|Any CPU
		{1CFF7A5E-72F5-4F4E-B3EE-4739A710E1B4}.Debug|Any CPU.Build.0 = Debug|Any CPU
		{1CFF7A5E-72F5-4F4E-B3EE-4739A710E1B4}.Release|Any CPU.ActiveCfg = Release|Any CPU
		{1CFF7A5E-72F5-4F4E-B3EE-4739A710E1B4}.Release|Any CPU.Build.0 = Release|Any CPU
		{1CFF7A5E-72F5-4F4E-B3EE-4739A710E1B4}.Debug|iPhoneSimulator.ActiveCfg = Debug|Any CPU
		{1CFF7A5E-72F5-4F4E-B3EE-4739A710E1B4}.Debug|iPhoneSimulator.Build.0 = Debug|Any CPU
		{1CFF7A5E-72F5-4F4E-B3EE-4739A710E1B4}.Release|iPhoneSimulator.ActiveCfg = Release|Any CPU
		{1CFF7A5E-72F5-4F4E-B3EE-4739A710E1B4}.Release|iPhoneSimulator.Build.0 = Release|Any CPU
		{1CFF7A5E-72F5-4F4E-B3EE-4739A710E1B4}.Debug|iPhone.ActiveCfg = Debug|Any CPU
		{1CFF7A5E-72F5-4F4E-B3EE-4739A710E1B4}.Debug|iPhone.Build.0 = Debug|Any CPU
		{1CFF7A5E-72F5-4F4E-B3EE-4739A710E1B4}.Release|iPhone.ActiveCfg = Release|Any CPU
		{1CFF7A5E-72F5-4F4E-B3EE-4739A710E1B4}.Release|iPhone.Build.0 = Release|Any CPU
		{DCC80787-5E6D-46EF-B93A-CE92CF3CA001}.Debug|Any CPU.ActiveCfg = Debug|iPhoneSimulator
		{DCC80787-5E6D-46EF-B93A-CE92CF3CA001}.Debug|Any CPU.Build.0 = Debug|iPhoneSimulator
		{DCC80787-5E6D-46EF-B93A-CE92CF3CA001}.Release|Any CPU.ActiveCfg = Release|iPhoneSimulator
		{DCC80787-5E6D-46EF-B93A-CE92CF3CA001}.Release|Any CPU.Build.0 = Release|iPhoneSimulator
		{DCC80787-5E6D-46EF-B93A-CE92CF3CA001}.Debug|iPhoneSimulator.ActiveCfg = Debug|iPhoneSimulator
		{DCC80787-5E6D-46EF-B93A-CE92CF3CA001}.Debug|iPhoneSimulator.Build.0 = Debug|iPhoneSimulator
		{DCC80787-5E6D-46EF-B93A-CE92CF3CA001}.Release|iPhoneSimulator.ActiveCfg = Release|iPhoneSimulator
		{DCC80787-5E6D-46EF-B93A-CE92CF3CA001}.Release|iPhoneSimulator.Build.0 = Release|iPhoneSimulator
		{DCC80787-5E6D-46EF-B93A-CE92CF3CA001}.Debug|iPhone.ActiveCfg = Debug|iPhone
		{DCC80787-5E6D-46EF-B93A-CE92CF3CA001}.Debug|iPhone.Build.0 = Debug|iPhone
		{DCC80787-5E6D-46EF-B93A-CE92CF3CA001}.Release|iPhone.ActiveCfg = Release|iPhone
		{DCC80787-5E6D-46EF-B93A-CE92CF3CA001}.Release|iPhone.Build.0 = Release|iPhone
		{595E29BC-46AF-402E-A90B-9F85CE20F2F4}.Debug|Any CPU.ActiveCfg = Debug|Any CPU
		{595E29BC-46AF-402E-A90B-9F85CE20F2F4}.Debug|Any CPU.Build.0 = Debug|Any CPU
		{595E29BC-46AF-402E-A90B-9F85CE20F2F4}.Release|Any CPU.ActiveCfg = Release|Any CPU
		{595E29BC-46AF-402E-A90B-9F85CE20F2F4}.Release|Any CPU.Build.0 = Release|Any CPU
		{595E29BC-46AF-402E-A90B-9F85CE20F2F4}.Debug|iPhoneSimulator.ActiveCfg = Debug|Any CPU
		{595E29BC-46AF-402E-A90B-9F85CE20F2F4}.Debug|iPhoneSimulator.Build.0 = Debug|Any CPU
		{595E29BC-46AF-402E-A90B-9F85CE20F2F4}.Release|iPhoneSimulator.ActiveCfg = Release|Any CPU
		{595E29BC-46AF-402E-A90B-9F85CE20F2F4}.Release|iPhoneSimulator.Build.0 = Release|Any CPU
		{595E29BC-46AF-402E-A90B-9F85CE20F2F4}.Debug|iPhone.ActiveCfg = Debug|Any CPU
		{595E29BC-46AF-402E-A90B-9F85CE20F2F4}.Debug|iPhone.Build.0 = Debug|Any CPU
		{595E29BC-46AF-402E-A90B-9F85CE20F2F4}.Release|iPhone.ActiveCfg = Release|Any CPU
		{595E29BC-46AF-402E-A90B-9F85CE20F2F4}.Release|iPhone.Build.0 = Release|Any CPU
	EndGlobalSection
EndGlobal
